
Microsoft Visual Studio Solution File, Format Version 12.00
# Visual Studio Version 16
VisualStudioVersion = 16.0.31019.35
MinimumVisualStudioVersion = 10.0.40219.1
Project("{FAE04EC0-301F-11D3-BF4B-00C04F79EFBC}") = "ProjectResolvidoUdemy", "ProjectResolvidoUdemy\ProjectResolvidoUdemy.csproj", "{49895AED-42C8-4E8E-9F47-1AD90F2FFB2B}"
EndProject
Global
	GlobalSection(SolutionConfigurationPlatforms) = preSolution
		Debug|Any CPU = Debug|Any CPU
		Release|Any CPU = Release|Any CPU
	EndGlobalSection
	GlobalSection(ProjectConfigurationPlatforms) = postSolution
		{49895AED-42C8-4E8E-9F47-1AD90F2FFB2B}.Debug|Any CPU.ActiveCfg = Debug|Any CPU
		{49895AED-42C8-4E8E-9F47-1AD90F2FFB2B}.Debug|Any CPU.Build.0 = Debug|Any CPU
		{49895AED-42C8-4E8E-9F47-1AD90F2FFB2B}.Release|Any CPU.ActiveCfg = Release|Any CPU
		{49895AED-42C8-4E8E-9F47-1AD90F2FFB2B}.Release|Any CPU.Build.0 = Release|Any CPU
	EndGlobalSection
	GlobalSection(SolutionProperties) = preSolution
		HideSolutionNode = FALSE
	EndGlobalSection
	GlobalSection(ExtensibilityGlobals) = postSolution
		SolutionGuid = {FFEE1FFB-6765-4311-936F-40CD8A00FBB7}
	EndGlobalSection
EndGlobal
